
Microsoft Visual Studio Solution File, Format Version 12.00
# Visual Studio 2012
Project("{FAE04EC0-301F-11D3-BF4B-00C04F79EFBC}") = "IronMQ", "IronMQ\IronMQ.csproj", "{C959988A-9EAD-4C24-A94A-E392389F3A98}"
EndProject
Project("{FAE04EC0-301F-11D3-BF4B-00C04F79EFBC}") = "IronMQSample", "IronMQSample\IronMQSample.csproj", "{9B23D641-2ACF-4E61-A06F-BC0DE802D2F7}"
EndProject
Project("{2150E333-8FDC-42A3-9474-1A3956D46DE8}") = "Solution Items", "Solution Items", "{AE76F31F-62E3-40CB-99D5-1B1CBBB25E07}"
	ProjectSection(SolutionItems) = preProject
		License.txt = License.txt
	EndProjectSection
EndProject
Global
	GlobalSection(SolutionConfigurationPlatforms) = preSolution
		Debug|Any CPU = Debug|Any CPU
		Release|Any CPU = Release|Any CPU
	EndGlobalSection
	GlobalSection(ProjectConfigurationPlatforms) = postSolution
		{C959988A-9EAD-4C24-A94A-E392389F3A98}.Debug|Any CPU.ActiveCfg = Debug|Any CPU
		{C959988A-9EAD-4C24-A94A-E392389F3A98}.Debug|Any CPU.Build.0 = Debug|Any CPU
		{C959988A-9EAD-4C24-A94A-E392389F3A98}.Release|Any CPU.ActiveCfg = Release|Any CPU
		{C959988A-9EAD-4C24-A94A-E392389F3A98}.Release|Any CPU.Build.0 = Release|Any CPU
		{9B23D641-2ACF-4E61-A06F-BC0DE802D2F7}.Debug|Any CPU.ActiveCfg = Debug|Any CPU
		{9B23D641-2ACF-4E61-A06F-BC0DE802D2F7}.Debug|Any CPU.Build.0 = Debug|Any CPU
		{9B23D641-2ACF-4E61-A06F-BC0DE802D2F7}.Release|Any CPU.ActiveCfg = Release|Any CPU
		{9B23D641-2ACF-4E61-A06F-BC0DE802D2F7}.Release|Any CPU.Build.0 = Release|Any CPU
	EndGlobalSection
	GlobalSection(SolutionProperties) = preSolution
		HideSolutionNode = FALSE
	EndGlobalSection
EndGlobal
